
Microsoft Visual Studio Solution File, Format Version 12.00
# Visual Studio Version 17
VisualStudioVersion = 17.0.31903.59
MinimumVisualStudioVersion = 10.0.40219.1
Project("{FAE04EC0-301F-11D3-BF4B-00C04F79EFBC}") = "Task3", "Task3\Task3.csproj", "{47D8EA0A-F406-49A9-AB05-985BAEB0D1DD}"
EndProject
Project("{FAE04EC0-301F-11D3-BF4B-00C04F79EFBC}") = "Task3Tests", "Task3Tests\Task3Tests.csproj", "{66B2678D-2B33-4D9D-9CED-2AAED3388220}"
EndProject
Global
	GlobalSection(SolutionConfigurationPlatforms) = preSolution
		Debug|Any CPU = Debug|Any CPU
		Release|Any CPU = Release|Any CPU
	EndGlobalSection
	GlobalSection(SolutionProperties) = preSolution
		HideSolutionNode = FALSE
	EndGlobalSection
	GlobalSection(ProjectConfigurationPlatforms) = postSolution
		{47D8EA0A-F406-49A9-AB05-985BAEB0D1DD}.Debug|Any CPU.ActiveCfg = Debug|Any CPU
		{47D8EA0A-F406-49A9-AB05-985BAEB0D1DD}.Debug|Any CPU.Build.0 = Debug|Any CPU
		{47D8EA0A-F406-49A9-AB05-985BAEB0D1DD}.Release|Any CPU.ActiveCfg = Release|Any CPU
		{47D8EA0A-F406-49A9-AB05-985BAEB0D1DD}.Release|Any CPU.Build.0 = Release|Any CPU
		{66B2678D-2B33-4D9D-9CED-2AAED3388220}.Debug|Any CPU.ActiveCfg = Debug|Any CPU
		{66B2678D-2B33-4D9D-9CED-2AAED3388220}.Debug|Any CPU.Build.0 = Debug|Any CPU
		{66B2678D-2B33-4D9D-9CED-2AAED3388220}.Release|Any CPU.ActiveCfg = Release|Any CPU
		{66B2678D-2B33-4D9D-9CED-2AAED3388220}.Release|Any CPU.Build.0 = Release|Any CPU
	EndGlobalSection
EndGlobal
