
Microsoft Visual Studio Solution File, Format Version 12.00
# Visual Studio Version 17
VisualStudioVersion = 17.0.31903.59
MinimumVisualStudioVersion = 10.0.40219.1
Project("{FAE04EC0-301F-11D3-BF4B-00C04F79EFBC}") = "Task1", "Task1\Task1.csproj", "{CA577013-28D8-48E6-AF40-ED8A43D0C375}"
EndProject
Project("{FAE04EC0-301F-11D3-BF4B-00C04F79EFBC}") = "Task1Tests", "Task1Tests\Task1Tests.csproj", "{181E7EC0-9357-49D8-BACD-78B21BB9EE45}"
EndProject
Global
	GlobalSection(SolutionConfigurationPlatforms) = preSolution
		Debug|Any CPU = Debug|Any CPU
		Release|Any CPU = Release|Any CPU
	EndGlobalSection
	GlobalSection(SolutionProperties) = preSolution
		HideSolutionNode = FALSE
	EndGlobalSection
	GlobalSection(ProjectConfigurationPlatforms) = postSolution
		{CA577013-28D8-48E6-AF40-ED8A43D0C375}.Debug|Any CPU.ActiveCfg = Debug|Any CPU
		{CA577013-28D8-48E6-AF40-ED8A43D0C375}.Debug|Any CPU.Build.0 = Debug|Any CPU
		{CA577013-28D8-48E6-AF40-ED8A43D0C375}.Release|Any CPU.ActiveCfg = Release|Any CPU
		{CA577013-28D8-48E6-AF40-ED8A43D0C375}.Release|Any CPU.Build.0 = Release|Any CPU
		{181E7EC0-9357-49D8-BACD-78B21BB9EE45}.Debug|Any CPU.ActiveCfg = Debug|Any CPU
		{181E7EC0-9357-49D8-BACD-78B21BB9EE45}.Debug|Any CPU.Build.0 = Debug|Any CPU
		{181E7EC0-9357-49D8-BACD-78B21BB9EE45}.Release|Any CPU.ActiveCfg = Release|Any CPU
		{181E7EC0-9357-49D8-BACD-78B21BB9EE45}.Release|Any CPU.Build.0 = Release|Any CPU
	EndGlobalSection
EndGlobal
